
Microsoft Visual Studio Solution File, Format Version 12.00
# Visual Studio Version 17
VisualStudioVersion = 17.7.34202.233
MinimumVisualStudioVersion = 10.0.40219.1
Project("{FAE04EC0-301F-11D3-BF4B-00C04F79EFBC}") = "0223", "0223\0223.csproj", "{89E91298-6D0C-49B4-8EA7-E38D08C537A6}"
EndProject
Global
	GlobalSection(SolutionConfigurationPlatforms) = preSolution
		Debug|Any CPU = Debug|Any CPU
		Release|Any CPU = Release|Any CPU
	EndGlobalSection
	GlobalSection(ProjectConfigurationPlatforms) = postSolution
		{89E91298-6D0C-49B4-8EA7-E38D08C537A6}.Debug|Any CPU.ActiveCfg = Debug|Any CPU
		{89E91298-6D0C-49B4-8EA7-E38D08C537A6}.Debug|Any CPU.Build.0 = Debug|Any CPU
		{89E91298-6D0C-49B4-8EA7-E38D08C537A6}.Release|Any CPU.ActiveCfg = Release|Any CPU
		{89E91298-6D0C-49B4-8EA7-E38D08C537A6}.Release|Any CPU.Build.0 = Release|Any CPU
	EndGlobalSection
	GlobalSection(SolutionProperties) = preSolution
		HideSolutionNode = FALSE
	EndGlobalSection
	GlobalSection(ExtensibilityGlobals) = postSolution
		SolutionGuid = {C81DA8A7-66FA-4410-AB4A-ED2E5F13BAC8}
	EndGlobalSection
EndGlobal
